
Microsoft Visual Studio Solution File, Format Version 12.00
# Visual Studio 15
Project("{FAE04EC0-301F-11D3-BF4B-00C04F79EFBC}") = "Assembly-CSharp", "Assembly-CSharp.csproj", "{0AC7786C-1182-32D1-2CD0-7F8817583A45}"
EndProject
Project("{FAE04EC0-301F-11D3-BF4B-00C04F79EFBC}") = "Assembly-CSharp-Editor", "Assembly-CSharp-Editor.csproj", "{A21DD243-D410-59E7-2645-3EE11542912E}"
EndProject
Global
	GlobalSection(SolutionConfigurationPlatforms) = preSolution
		Debug|Any CPU = Debug|Any CPU
		Release|Any CPU = Release|Any CPU
	EndGlobalSection
	GlobalSection(ProjectConfigurationPlatforms) = postSolution
		{0AC7786C-1182-32D1-2CD0-7F8817583A45}.Debug|Any CPU.ActiveCfg = Debug|Any CPU
		{0AC7786C-1182-32D1-2CD0-7F8817583A45}.Debug|Any CPU.Build.0 = Debug|Any CPU
		{0AC7786C-1182-32D1-2CD0-7F8817583A45}.Release|Any CPU.ActiveCfg = Release|Any CPU
		{0AC7786C-1182-32D1-2CD0-7F8817583A45}.Release|Any CPU.Build.0 = Release|Any CPU
		{A21DD243-D410-59E7-2645-3EE11542912E}.Debug|Any CPU.ActiveCfg = Debug|Any CPU
		{A21DD243-D410-59E7-2645-3EE11542912E}.Debug|Any CPU.Build.0 = Debug|Any CPU
		{A21DD243-D410-59E7-2645-3EE11542912E}.Release|Any CPU.ActiveCfg = Release|Any CPU
		{A21DD243-D410-59E7-2645-3EE11542912E}.Release|Any CPU.Build.0 = Release|Any CPU
	EndGlobalSection
	GlobalSection(SolutionProperties) = preSolution
		HideSolutionNode = FALSE
	EndGlobalSection
EndGlobal
